
Microsoft Visual Studio Solution File, Format Version 12.00
# Visual Studio 15
VisualStudioVersion = 15.0.27130.2010
MinimumVisualStudioVersion = 10.0.40219.1
Project("{FAE04EC0-301F-11D3-BF4B-00C04F79EFBC}") = "Fighters", "SEMod\Fighters.csproj", "{C470AF74-5C6D-4E42-A6CA-F376EA2F127E}"
EndProject
Project("{FAE04EC0-301F-11D3-BF4B-00C04F79EFBC}") = "builder", "builder\builder.csproj", "{24D395DF-5E6E-4E9F-9334-93F7A2929D0F}"
EndProject
Global
	GlobalSection(SolutionConfigurationPlatforms) = preSolution
		Debug|Any CPU = Debug|Any CPU
		Release|Any CPU = Release|Any CPU
	EndGlobalSection
	GlobalSection(ProjectConfigurationPlatforms) = postSolution
		{C470AF74-5C6D-4E42-A6CA-F376EA2F127E}.Debug|Any CPU.ActiveCfg = Debug|Any CPU
		{C470AF74-5C6D-4E42-A6CA-F376EA2F127E}.Debug|Any CPU.Build.0 = Debug|Any CPU
		{C470AF74-5C6D-4E42-A6CA-F376EA2F127E}.Release|Any CPU.ActiveCfg = Release|Any CPU
		{C470AF74-5C6D-4E42-A6CA-F376EA2F127E}.Release|Any CPU.Build.0 = Release|Any CPU
		{24D395DF-5E6E-4E9F-9334-93F7A2929D0F}.Debug|Any CPU.ActiveCfg = Debug|Any CPU
		{24D395DF-5E6E-4E9F-9334-93F7A2929D0F}.Debug|Any CPU.Build.0 = Debug|Any CPU
		{24D395DF-5E6E-4E9F-9334-93F7A2929D0F}.Release|Any CPU.ActiveCfg = Release|Any CPU
		{24D395DF-5E6E-4E9F-9334-93F7A2929D0F}.Release|Any CPU.Build.0 = Release|Any CPU
	EndGlobalSection
	GlobalSection(SolutionProperties) = preSolution
		HideSolutionNode = FALSE
	EndGlobalSection
	GlobalSection(ExtensibilityGlobals) = postSolution
		SolutionGuid = {4E7DD40B-282B-4C13-A380-D89F64DC94E6}
	EndGlobalSection
EndGlobal
